
Microsoft Visual Studio Solution File, Format Version 11.00
# Visual Studio 2010
Project("{8BC9CEB8-8B4A-11D0-8D11-00A0C91BC942}") = "Solver Tático", "Solver Trieda.vcxproj", "{F1BE51D8-F246-4132-8DDC-04958EEACDBF}"
EndProject
Global
	GlobalSection(SolutionConfigurationPlatforms) = preSolution
		Debug|Win32 = Debug|Win32
		Debug|x64 = Debug|x64
		DebugCplex64|Win32 = DebugCplex64|Win32
		DebugCplex64|x64 = DebugCplex64|x64
		DebugGurobi64|Win32 = DebugGurobi64|Win32
		DebugGurobi64|x64 = DebugGurobi64|x64
		DebugHeuristica64|Win32 = DebugHeuristica64|Win32
		DebugHeuristica64|x64 = DebugHeuristica64|x64
		Release|Win32 = Release|Win32
		Release|x64 = Release|x64
		ReleaseCplex64|Win32 = ReleaseCplex64|Win32
		ReleaseCplex64|x64 = ReleaseCplex64|x64
		ReleaseGurobi64|Win32 = ReleaseGurobi64|Win32
		ReleaseGurobi64|x64 = ReleaseGurobi64|x64
		ReleaseHeuristica64|Win32 = ReleaseHeuristica64|Win32
		ReleaseHeuristica64|x64 = ReleaseHeuristica64|x64
	EndGlobalSection
	GlobalSection(ProjectConfigurationPlatforms) = postSolution
		{F1BE51D8-F246-4132-8DDC-04958EEACDBF}.Debug|Win32.ActiveCfg = Debug|Win32
		{F1BE51D8-F246-4132-8DDC-04958EEACDBF}.Debug|Win32.Build.0 = Debug|Win32
		{F1BE51D8-F246-4132-8DDC-04958EEACDBF}.Debug|x64.ActiveCfg = Debug|x64
		{F1BE51D8-F246-4132-8DDC-04958EEACDBF}.Debug|x64.Build.0 = Debug|x64
		{F1BE51D8-F246-4132-8DDC-04958EEACDBF}.DebugCplex64|Win32.ActiveCfg = DebugCplex64|Win32
		{F1BE51D8-F246-4132-8DDC-04958EEACDBF}.DebugCplex64|Win32.Build.0 = DebugCplex64|Win32
		{F1BE51D8-F246-4132-8DDC-04958EEACDBF}.DebugCplex64|x64.ActiveCfg = DebugCplex64|x64
		{F1BE51D8-F246-4132-8DDC-04958EEACDBF}.DebugCplex64|x64.Build.0 = DebugCplex64|x64
		{F1BE51D8-F246-4132-8DDC-04958EEACDBF}.DebugGurobi64|Win32.ActiveCfg = DebugGurobi64|Win32
		{F1BE51D8-F246-4132-8DDC-04958EEACDBF}.DebugGurobi64|Win32.Build.0 = DebugGurobi64|Win32
		{F1BE51D8-F246-4132-8DDC-04958EEACDBF}.DebugGurobi64|x64.ActiveCfg = DebugGurobi64|x64
		{F1BE51D8-F246-4132-8DDC-04958EEACDBF}.DebugGurobi64|x64.Build.0 = DebugGurobi64|x64
		{F1BE51D8-F246-4132-8DDC-04958EEACDBF}.DebugHeuristica64|Win32.ActiveCfg = Debug|x64
		{F1BE51D8-F246-4132-8DDC-04958EEACDBF}.DebugHeuristica64|x64.ActiveCfg = Debug|x64
		{F1BE51D8-F246-4132-8DDC-04958EEACDBF}.DebugHeuristica64|x64.Build.0 = Debug|x64
		{F1BE51D8-F246-4132-8DDC-04958EEACDBF}.Release|Win32.ActiveCfg = Release|Win32
		{F1BE51D8-F246-4132-8DDC-04958EEACDBF}.Release|Win32.Build.0 = Release|Win32
		{F1BE51D8-F246-4132-8DDC-04958EEACDBF}.Release|x64.ActiveCfg = Release|x64
		{F1BE51D8-F246-4132-8DDC-04958EEACDBF}.Release|x64.Build.0 = Release|x64
		{F1BE51D8-F246-4132-8DDC-04958EEACDBF}.ReleaseCplex64|Win32.ActiveCfg = ReleaseCplex64|Win32
		{F1BE51D8-F246-4132-8DDC-04958EEACDBF}.ReleaseCplex64|Win32.Build.0 = ReleaseCplex64|Win32
		{F1BE51D8-F246-4132-8DDC-04958EEACDBF}.ReleaseCplex64|x64.ActiveCfg = ReleaseCplex64|x64
		{F1BE51D8-F246-4132-8DDC-04958EEACDBF}.ReleaseCplex64|x64.Build.0 = ReleaseCplex64|x64
		{F1BE51D8-F246-4132-8DDC-04958EEACDBF}.ReleaseGurobi64|Win32.ActiveCfg = ReleaseGurobi64|Win32
		{F1BE51D8-F246-4132-8DDC-04958EEACDBF}.ReleaseGurobi64|Win32.Build.0 = ReleaseGurobi64|Win32
		{F1BE51D8-F246-4132-8DDC-04958EEACDBF}.ReleaseGurobi64|x64.ActiveCfg = ReleaseGurobi64|x64
		{F1BE51D8-F246-4132-8DDC-04958EEACDBF}.ReleaseGurobi64|x64.Build.0 = ReleaseGurobi64|x64
		{F1BE51D8-F246-4132-8DDC-04958EEACDBF}.ReleaseHeuristica64|Win32.ActiveCfg = ReleaseHeuristica64|Win32
		{F1BE51D8-F246-4132-8DDC-04958EEACDBF}.ReleaseHeuristica64|Win32.Build.0 = ReleaseHeuristica64|Win32
		{F1BE51D8-F246-4132-8DDC-04958EEACDBF}.ReleaseHeuristica64|x64.ActiveCfg = ReleaseGurobi64|x64
		{F1BE51D8-F246-4132-8DDC-04958EEACDBF}.ReleaseHeuristica64|x64.Build.0 = ReleaseGurobi64|x64
	EndGlobalSection
	GlobalSection(SolutionProperties) = preSolution
		HideSolutionNode = FALSE
	EndGlobalSection
EndGlobal
