
Microsoft Visual Studio Solution File, Format Version 12.00
# Visual Studio 2013
VisualStudioVersion = 12.0.31101.0
MinimumVisualStudioVersion = 10.0.40219.1
Project("{8BC9CEB8-8B4A-11D0-8D11-00A0C91BC942}") = "Solver Tático", "Solver Trieda.vcxproj", "{F1BE51D8-F246-4132-8DDC-04958EEACDBF}"
EndProject
Global
	GlobalSection(SolutionConfigurationPlatforms) = preSolution
		DebugGurobi64|x64 = DebugGurobi64|x64
		ReleaseGurobi64|x64 = ReleaseGurobi64|x64
		zDebug|x64 = zDebug|x64
		zDebugCplex64|x64 = zDebugCplex64|x64
		zRelease|x64 = zRelease|x64
		zReleaseCplex64|x64 = zReleaseCplex64|x64
	EndGlobalSection
	GlobalSection(ProjectConfigurationPlatforms) = postSolution
		{F1BE51D8-F246-4132-8DDC-04958EEACDBF}.DebugGurobi64|x64.ActiveCfg = DebugGurobi64|x64
		{F1BE51D8-F246-4132-8DDC-04958EEACDBF}.DebugGurobi64|x64.Build.0 = DebugGurobi64|x64
		{F1BE51D8-F246-4132-8DDC-04958EEACDBF}.ReleaseGurobi64|x64.ActiveCfg = ReleaseGurobi64|x64
		{F1BE51D8-F246-4132-8DDC-04958EEACDBF}.ReleaseGurobi64|x64.Build.0 = ReleaseGurobi64|x64
		{F1BE51D8-F246-4132-8DDC-04958EEACDBF}.zDebug|x64.ActiveCfg = zDebug|x64
		{F1BE51D8-F246-4132-8DDC-04958EEACDBF}.zDebug|x64.Build.0 = zDebug|x64
		{F1BE51D8-F246-4132-8DDC-04958EEACDBF}.zDebugCplex64|x64.ActiveCfg = zDebugCplex64|x64
		{F1BE51D8-F246-4132-8DDC-04958EEACDBF}.zDebugCplex64|x64.Build.0 = zDebugCplex64|x64
		{F1BE51D8-F246-4132-8DDC-04958EEACDBF}.zRelease|x64.ActiveCfg = zRelease|x64
		{F1BE51D8-F246-4132-8DDC-04958EEACDBF}.zRelease|x64.Build.0 = zRelease|x64
		{F1BE51D8-F246-4132-8DDC-04958EEACDBF}.zReleaseCplex64|x64.ActiveCfg = zReleaseCplex64|x64
		{F1BE51D8-F246-4132-8DDC-04958EEACDBF}.zReleaseCplex64|x64.Build.0 = zReleaseCplex64|x64
	EndGlobalSection
	GlobalSection(SolutionProperties) = preSolution
		HideSolutionNode = FALSE
	EndGlobalSection
EndGlobal
