<?xml version="1.0" encoding="utf-8"?>
<Project ToolsVersion="4.0" xmlns="http://schemas.microsoft.com/developer/msbuild/2003">
  <ItemGroup>
    <ClCompile Include="source\Aluno.cpp">
      <Filter>Domínio</Filter>
    </ClCompile>
    <ClCompile Include="source\AlunoDemanda.cpp">
      <Filter>Domínio</Filter>
    </ClCompile>
    <ClCompile Include="source\AreaTitulacao.cpp">
      <Filter>Domínio</Filter>
    </ClCompile>
    <ClCompile Include="source\AlocacaoProfVirtual.cpp">
      <Filter>Output</Filter>
    </ClCompile>
    <ClCompile Include="source\AtendimentoOfertaSolucao.cpp">
      <Filter>Output</Filter>
    </ClCompile>
    <ClCompile Include="source\AtendimentoCampusSolucao.cpp">
      <Filter>Output</Filter>
    </ClCompile>
    <ClCompile Include="source\AtendimentoDiaSemanaSolucao.cpp">
      <Filter>Output</Filter>
    </ClCompile>
    <ClCompile Include="source\AtendimentoSalaSolucao.cpp">
      <Filter>Output</Filter>
    </ClCompile>
    <ClCompile Include="source\AtendimentoTaticoSolucao.cpp">
      <Filter>Output</Filter>
    </ClCompile>
    <ClCompile Include="source\AtendimentoUnidadeSolucao.cpp">
      <Filter>Output</Filter>
    </ClCompile>
    <ClCompile Include="source\AtendimentoUnidade.cpp">
      <Filter>Output</Filter>
    </ClCompile>
    <ClCompile Include="source\AtendimentoTurno.cpp">
      <Filter>Output</Filter>
    </ClCompile>
    <ClCompile Include="source\AtendimentoTatico.cpp">
      <Filter>Output</Filter>
    </ClCompile>
    <ClCompile Include="source\AtendimentoSala.cpp">
      <Filter>Output</Filter>
    </ClCompile>
    <ClCompile Include="source\AtendimentoOferta.cpp">
      <Filter>Output</Filter>
    </ClCompile>
    <ClCompile Include="source\AtendimentoHorarioAula.cpp">
      <Filter>Output</Filter>
    </ClCompile>
    <ClCompile Include="source\AtendimentoDiaSemana.cpp">
      <Filter>Output</Filter>
    </ClCompile>
    <ClCompile Include="source\AtendimentoCampus.cpp">
      <Filter>Output</Filter>
    </ClCompile>
    <ClCompile Include="source\AtendimentoBase.cpp">
      <Filter>Output</Filter>
    </ClCompile>
    <ClCompile Include="source\AlunoSolution.cpp">
      <Filter>Output</Filter>
    </ClCompile>
    <ClCompile Include="source\BlocoCurricular.cpp">
      <Filter>Domínio</Filter>
    </ClCompile>
    <ClCompile Include="source\Calendario.cpp">
      <Filter>Domínio</Filter>
    </ClCompile>
    <ClCompile Include="source\Campus.cpp">
      <Filter>Domínio</Filter>
    </ClCompile>
    <ClCompile Include="source\ConstraintMIPUnico.cpp">
      <Filter>Puro MIP\MIP-Unico</Filter>
    </ClCompile>
    <ClCompile Include="source\Curriculo.cpp">
      <Filter>Domínio</Filter>
    </ClCompile>
    <ClCompile Include="source\Curso.cpp">
      <Filter>Domínio</Filter>
    </ClCompile>
    <ClCompile Include="source\Demanda.cpp">
      <Filter>Domínio</Filter>
    </ClCompile>
    <ClCompile Include="source\Deslocamento.cpp">
      <Filter>Domínio</Filter>
    </ClCompile>
    <ClCompile Include="source\Disciplina.cpp">
      <Filter>Domínio</Filter>
    </ClCompile>
    <ClCompile Include="source\DivisaoCreditos.cpp">
      <Filter>Domínio</Filter>
    </ClCompile>
    <ClCompile Include="source\HeurNuno\HeuristicaNuno.cpp">
      <Filter>HeuristicaNuno</Filter>
    </ClCompile>
    <ClCompile Include="source\Horario.cpp">
      <Filter>Domínio</Filter>
    </ClCompile>
    <ClCompile Include="source\HorarioAula.cpp">
      <Filter>Domínio</Filter>
    </ClCompile>
    <ClCompile Include="source\HorarioDia.cpp">
      <Filter>Domínio</Filter>
    </ClCompile>
    <ClCompile Include="source\Equivalencia.cpp">
      <Filter>Domínio</Filter>
    </ClCompile>
    <ClCompile Include="source\Magisterio.cpp">
      <Filter>Domínio</Filter>
    </ClCompile>
    <ClCompile Include="source\NivelDificuldadeHorario.cpp">
      <Filter>Domínio</Filter>
    </ClCompile>
    <ClCompile Include="source\NivelDificuldade.cpp">
      <Filter>Domínio</Filter>
    </ClCompile>
    <ClCompile Include="source\Oferta.cpp">
      <Filter>Domínio</Filter>
    </ClCompile>
    <ClCompile Include="source\ParametrosPlanejamento.cpp">
      <Filter>Domínio</Filter>
    </ClCompile>
    <ClCompile Include="source\Professor.cpp">
      <Filter>Domínio</Filter>
    </ClCompile>
    <ClCompile Include="source\Sala.cpp">
      <Filter>Domínio</Filter>
    </ClCompile>
    <ClCompile Include="source\TipoTitulacao.cpp">
      <Filter>Domínio</Filter>
    </ClCompile>
    <ClCompile Include="source\TurnoIES.cpp">
      <Filter>Domínio</Filter>
    </ClCompile>
    <ClCompile Include="source\TipoContrato.cpp">
      <Filter>Domínio</Filter>
    </ClCompile>
    <ClCompile Include="source\TipoCurso.cpp">
      <Filter>Domínio</Filter>
    </ClCompile>
    <ClCompile Include="source\TipoDisciplina.cpp">
      <Filter>Domínio</Filter>
    </ClCompile>
    <ClCompile Include="source\TipoSala.cpp">
      <Filter>Domínio</Filter>
    </ClCompile>
    <ClCompile Include="source\Fixacao.cpp">
      <Filter>Domínio</Filter>
    </ClCompile>
    <ClCompile Include="source\MIPUnico.cpp">
      <Filter>Puro MIP\MIP-Unico</Filter>
    </ClCompile>
    <ClCompile Include="source\VariableMIPUnico.cpp">
      <Filter>Puro MIP\MIP-Unico</Filter>
    </ClCompile>
    <ClCompile Include="source\SolverMIPUnico.cpp">
      <Filter>Puro MIP\MIP-Unico</Filter>
    </ClCompile>
    <ClCompile Include="source\HeurNuno\ParametrosHeuristica.cpp">
      <Filter>HeuristicaNuno</Filter>
    </ClCompile>
    <ClCompile Include="source\Unidade.cpp">
      <Filter>Domínio</Filter>
    </ClCompile>
    <ClCompile Include="source\HeurNuno\Node.cpp">
      <Filter>HeuristicaNuno</Filter>
    </ClCompile>
    <ClCompile Include="source\HeurNuno\SaveSolucao.cpp">
      <Filter>HeuristicaNuno</Filter>
    </ClCompile>
    <ClCompile Include="$(CODELIB)\CPUTimerWin.cpp">
      <Filter>Util</Filter>
    </ClCompile>
    <ClCompile Include="$(CODELIB)\DateTime.cpp">
      <Filter>Util</Filter>
    </ClCompile>
    <ClCompile Include="$(CODELIB)\ErrorHandler.cpp">
      <Filter>Util</Filter>
    </ClCompile>
    <ClCompile Include="source\InputMethods.cpp">
      <Filter>Util</Filter>
    </ClCompile>
    <ClCompile Include="source\OFBase.cpp">
      <Filter>Util</Filter>
    </ClCompile>
    <ClCompile Include="source\HeurNuno\AlunoHeur.cpp">
      <Filter>HeuristicaNuno\Estruturas</Filter>
    </ClCompile>
    <ClCompile Include="source\HeurNuno\AulaHeur.cpp">
      <Filter>HeuristicaNuno\Estruturas</Filter>
    </ClCompile>
    <ClCompile Include="source\ConjUnidades.cpp">
      <Filter>HeuristicaNuno\Estruturas</Filter>
    </ClCompile>
    <ClCompile Include="source\HeurNuno\DadosHeuristica.cpp">
      <Filter>HeuristicaNuno\Estruturas</Filter>
    </ClCompile>
    <ClCompile Include="source\HeurNuno\EntidadeAlocavel.cpp">
      <Filter>HeuristicaNuno\Estruturas</Filter>
    </ClCompile>
    <ClCompile Include="source\HeurNuno\MIPAlocarProfCons.cpp">
      <Filter>HeuristicaNuno\Estruturas</Filter>
    </ClCompile>
    <ClCompile Include="source\HeurNuno\MIPAlocarProfVar.cpp">
      <Filter>HeuristicaNuno\Estruturas</Filter>
    </ClCompile>
    <ClCompile Include="source\HeurNuno\ObjectiveFunctionHeur.cpp">
      <Filter>HeuristicaNuno\Estruturas</Filter>
    </ClCompile>
    <ClCompile Include="source\HeurNuno\OfertaDisciplina.cpp">
      <Filter>HeuristicaNuno\Estruturas</Filter>
    </ClCompile>
    <ClCompile Include="source\HeurNuno\ProfessorHeur.cpp">
      <Filter>HeuristicaNuno\Estruturas</Filter>
    </ClCompile>
    <ClCompile Include="source\HeurNuno\SalaHeur.cpp">
      <Filter>HeuristicaNuno\Estruturas</Filter>
    </ClCompile>
    <ClCompile Include="source\HeurNuno\SolucaoHeur.cpp">
      <Filter>HeuristicaNuno\Estruturas</Filter>
    </ClCompile>
    <ClCompile Include="source\HeurNuno\StatsSolucaoHeur.cpp">
      <Filter>HeuristicaNuno\Estruturas</Filter>
    </ClCompile>
    <ClCompile Include="source\HeurNuno\TurmaHeur.cpp">
      <Filter>HeuristicaNuno\Estruturas</Filter>
    </ClCompile>
    <ClCompile Include="source\HeurNuno\TurmaPotencial.cpp">
      <Filter>HeuristicaNuno\Estruturas</Filter>
    </ClCompile>
    <ClCompile Include="source\HeurNuno\AbridorTurmas.cpp">
      <Filter>HeuristicaNuno\Melhoradores da solução</Filter>
    </ClCompile>
    <ClCompile Include="source\HeurNuno\ImproveMethods.cpp">
      <Filter>HeuristicaNuno\Melhoradores da solução</Filter>
    </ClCompile>
    <ClCompile Include="source\HeurNuno\MIPAloc.cpp">
      <Filter>HeuristicaNuno\Melhoradores da solução</Filter>
    </ClCompile>
    <ClCompile Include="source\HeurNuno\MIPAlocarAlunos.cpp">
      <Filter>HeuristicaNuno\Melhoradores da solução</Filter>
    </ClCompile>
    <ClCompile Include="source\HeurNuno\MIPAlocarProfs.cpp">
      <Filter>HeuristicaNuno\Melhoradores da solução</Filter>
    </ClCompile>
    <ClCompile Include="source\HeurNuno\RecursivePreProc.cpp">
      <Filter>HeuristicaNuno\Melhoradores da solução</Filter>
    </ClCompile>
    <ClCompile Include="source\HeurNuno\ClusterUnidades.cpp">
      <Filter>HeuristicaNuno\Útil</Filter>
    </ClCompile>
    <ClCompile Include="source\HeurNuno\GeradorCombsDiv.cpp">
      <Filter>HeuristicaNuno\Útil</Filter>
    </ClCompile>
    <ClCompile Include="source\HeurNuno\UtilHeur.cpp">
      <Filter>HeuristicaNuno\Útil</Filter>
    </ClCompile>
    <ClCompile Include="source\RestricaoViolada.cpp">
      <Filter>Output</Filter>
    </ClCompile>
    <ClCompile Include="source\ProfessorVirtualOutput.cpp">
      <Filter>Output</Filter>
    </ClCompile>
    <ClCompile Include="source\ProblemSolution.cpp">
      <Filter>Output</Filter>
    </ClCompile>
    <ClCompile Include="source\CreditoDisponivel.cpp">
      <Filter>Domínio</Filter>
    </ClCompile>
    <ClCompile Include="source\NaoAtendimento.cpp">
      <Filter>Output</Filter>
    </ClCompile>
    <ClCompile Include="source\Solver.cpp">
      <Filter>Puro MIP</Filter>
    </ClCompile>
    <ClCompile Include="source\MainMIPPuro.cpp">
      <Filter>Puro MIP</Filter>
    </ClCompile>
    <ClCompile Include="source\MainHeuristicaIES.cpp">
      <Filter>HeuristicaNuno</Filter>
    </ClCompile>
    <ClCompile Include="source\HeurNuno\TurmasIncHorarioDia.cpp">
      <Filter>HeuristicaNuno\Útil</Filter>
    </ClCompile>
    <ClCompile Include="source\Polish.cpp">
      <Filter>Puro MIP</Filter>
    </ClCompile>
    <ClCompile Include="source\HeurNuno\MIPAlocarAlunoVar.cpp">
      <Filter>HeuristicaNuno\Estruturas</Filter>
    </ClCompile>
    <ClCompile Include="source\MIPCallback.cpp">
      <Filter>Puro MIP</Filter>
    </ClCompile>
    <ClCompile Include="source\MIPUnicoParametros.cpp">
      <Filter>Puro MIP\MIP-Unico</Filter>
    </ClCompile>
    <ClCompile Include="source\Aula.cpp">
      <Filter>Domínio</Filter>
    </ClCompile>
    <ClCompile Include="source\CentroDados.cpp">
      <Filter>Geral</Filter>
    </ClCompile>
    <ClCompile Include="source\CmdLine.cpp">
      <Filter>Geral</Filter>
    </ClCompile>
    <ClCompile Include="source\Indicadores.cpp">
      <Filter>Geral</Filter>
    </ClCompile>
    <ClCompile Include="source\Main.cpp">
      <Filter>Geral</Filter>
    </ClCompile>
    <ClCompile Include="source\ProblemData.cpp">
      <Filter>Geral</Filter>
    </ClCompile>
    <ClCompile Include="source\ProblemDataLoader.cpp">
      <Filter>Geral</Filter>
    </ClCompile>
    <ClCompile Include="source\TRIEDA-InputXSD.cpp">
      <Filter>Geral</Filter>
    </ClCompile>
    <ClCompile Include="source\TRIEDA-OutputXSD.cpp">
      <Filter>Geral</Filter>
    </ClCompile>
    <ClCompile Include="source\ProbDataAnalyzer.cpp">
      <Filter>Geral</Filter>
    </ClCompile>
    <ClCompile Include="source\GoalStatus.cpp">
      <Filter>Puro MIP</Filter>
    </ClCompile>
    <ClCompile Include="source\Utilidade.cpp">
      <Filter>Util</Filter>
    </ClCompile>
    <ClCompile Include="source\SolutionMIPUnico.cpp">
      <Filter>Puro MIP\MIP-Unico</Filter>
    </ClCompile>
  </ItemGroup>
  <ItemGroup>
    <ClInclude Include="source\Aluno.h">
      <Filter>Domínio</Filter>
    </ClInclude>
    <ClInclude Include="source\AlunoDemanda.h">
      <Filter>Domínio</Filter>
    </ClInclude>
    <ClInclude Include="source\AreaTitulacao.h">
      <Filter>Domínio</Filter>
    </ClInclude>
    <ClInclude Include="source\AlocacaoProfVirtual.h">
      <Filter>Output</Filter>
    </ClInclude>
    <ClInclude Include="source\AtendimentoCampusSolucao.h">
      <Filter>Output</Filter>
    </ClInclude>
    <ClInclude Include="source\AtendimentoDiaSemanaSolucao.h">
      <Filter>Output</Filter>
    </ClInclude>
    <ClInclude Include="source\AtendimentoOfertaSolucao.h">
      <Filter>Output</Filter>
    </ClInclude>
    <ClInclude Include="source\AtendimentoSalaSolucao.h">
      <Filter>Output</Filter>
    </ClInclude>
    <ClInclude Include="source\AtendimentoTaticoSolucao.h">
      <Filter>Output</Filter>
    </ClInclude>
    <ClInclude Include="source\AtendimentoUnidadeSolucao.h">
      <Filter>Output</Filter>
    </ClInclude>
    <ClInclude Include="source\AtendimentoUnidade.h">
      <Filter>Output</Filter>
    </ClInclude>
    <ClInclude Include="source\AtendimentoTurno.h">
      <Filter>Output</Filter>
    </ClInclude>
    <ClInclude Include="source\AtendimentoTatico.h">
      <Filter>Output</Filter>
    </ClInclude>
    <ClInclude Include="source\AtendimentoSala.h">
      <Filter>Output</Filter>
    </ClInclude>
    <ClInclude Include="source\AtendimentoOferta.h">
      <Filter>Output</Filter>
    </ClInclude>
    <ClInclude Include="source\AtendimentoHorarioAula.h">
      <Filter>Output</Filter>
    </ClInclude>
    <ClInclude Include="source\AtendimentoDiaSemana.h">
      <Filter>Output</Filter>
    </ClInclude>
    <ClInclude Include="source\AtendimentoCampus.h">
      <Filter>Output</Filter>
    </ClInclude>
    <ClInclude Include="source\AtendimentoBase.h">
      <Filter>Output</Filter>
    </ClInclude>
    <ClInclude Include="source\AlunoSolution.h">
      <Filter>Output</Filter>
    </ClInclude>
    <ClInclude Include="source\BlocoCurricular.h">
      <Filter>Domínio</Filter>
    </ClInclude>
    <ClInclude Include="source\Calendario.h">
      <Filter>Domínio</Filter>
    </ClInclude>
    <ClInclude Include="source\Campus.h">
      <Filter>Domínio</Filter>
    </ClInclude>
    <ClInclude Include="source\ConstraintMIPUnico.h">
      <Filter>Puro MIP\MIP-Unico</Filter>
    </ClInclude>
    <ClInclude Include="source\Curriculo.h">
      <Filter>Domínio</Filter>
    </ClInclude>
    <ClInclude Include="source\Curso.h">
      <Filter>Domínio</Filter>
    </ClInclude>
    <ClInclude Include="source\ConjuntoSala.h">
      <Filter>Domínio</Filter>
    </ClInclude>
    <ClInclude Include="source\Demanda.h">
      <Filter>Domínio</Filter>
    </ClInclude>
    <ClInclude Include="source\Deslocamento.h">
      <Filter>Domínio</Filter>
    </ClInclude>
    <ClInclude Include="source\Disciplina.h">
      <Filter>Domínio</Filter>
    </ClInclude>
    <ClInclude Include="source\DivisaoCreditos.h">
      <Filter>Domínio</Filter>
    </ClInclude>
    <ClInclude Include="source\HeurNuno\HeuristicaNuno.h">
      <Filter>HeuristicaNuno</Filter>
    </ClInclude>
    <ClInclude Include="source\Horario.h">
      <Filter>Domínio</Filter>
    </ClInclude>
    <ClInclude Include="source\HorarioAula.h">
      <Filter>Domínio</Filter>
    </ClInclude>
    <ClInclude Include="source\HorarioDia.h">
      <Filter>Domínio</Filter>
    </ClInclude>
    <ClInclude Include="source\Equivalencia.h">
      <Filter>Domínio</Filter>
    </ClInclude>
    <ClInclude Include="source\Magisterio.h">
      <Filter>Domínio</Filter>
    </ClInclude>
    <ClInclude Include="source\NivelDificuldadeHorario.h">
      <Filter>Domínio</Filter>
    </ClInclude>
    <ClInclude Include="source\NivelDificuldade.h">
      <Filter>Domínio</Filter>
    </ClInclude>
    <ClInclude Include="source\Oferta.h">
      <Filter>Domínio</Filter>
    </ClInclude>
    <ClInclude Include="source\ParametrosPlanejamento.h">
      <Filter>Domínio</Filter>
    </ClInclude>
    <ClInclude Include="source\Professor.h">
      <Filter>Domínio</Filter>
    </ClInclude>
    <ClInclude Include="source\Sala.h">
      <Filter>Domínio</Filter>
    </ClInclude>
    <ClInclude Include="source\TipoTitulacao.h">
      <Filter>Domínio</Filter>
    </ClInclude>
    <ClInclude Include="source\TurnoIES.h">
      <Filter>Domínio</Filter>
    </ClInclude>
    <ClInclude Include="source\TipoContrato.h">
      <Filter>Domínio</Filter>
    </ClInclude>
    <ClInclude Include="source\TipoCurso.h">
      <Filter>Domínio</Filter>
    </ClInclude>
    <ClInclude Include="source\TipoDisciplina.h">
      <Filter>Domínio</Filter>
    </ClInclude>
    <ClInclude Include="source\TipoSala.h">
      <Filter>Domínio</Filter>
    </ClInclude>
    <ClInclude Include="source\Fixacao.h">
      <Filter>Domínio</Filter>
    </ClInclude>
    <ClInclude Include="source\MIPUnico.h">
      <Filter>Puro MIP\MIP-Unico</Filter>
    </ClInclude>
    <ClInclude Include="source\VariableMIPUnico.h">
      <Filter>Puro MIP\MIP-Unico</Filter>
    </ClInclude>
    <ClInclude Include="source\SolverMIPUnico.h">
      <Filter>Puro MIP\MIP-Unico</Filter>
    </ClInclude>
    <ClInclude Include="source\HeurNuno\ParametrosHeuristica.h">
      <Filter>HeuristicaNuno</Filter>
    </ClInclude>
    <ClInclude Include="source\Unidade.h">
      <Filter>Domínio</Filter>
    </ClInclude>
    <ClInclude Include="source\HeurNuno\SaveSolucao.h">
      <Filter>HeuristicaNuno</Filter>
    </ClInclude>
    <ClInclude Include="$(CODELIB)\combinatoria.h">
      <Filter>Util</Filter>
    </ClInclude>
    <ClInclude Include="$(CODELIB)\CPUTimerWin.h">
      <Filter>Util</Filter>
    </ClInclude>
    <ClInclude Include="$(CODELIB)\DateTime.h">
      <Filter>Util</Filter>
    </ClInclude>
    <ClInclude Include="$(CODELIB)\ErrorHandler.h">
      <Filter>Util</Filter>
    </ClInclude>
    <ClInclude Include="$(CODELIB)\GGroup.h">
      <Filter>Util</Filter>
    </ClInclude>
    <ClInclude Include="source\InputMethods.h">
      <Filter>Util</Filter>
    </ClInclude>
    <ClInclude Include="source\OFBase.h">
      <Filter>Util</Filter>
    </ClInclude>
    <ClInclude Include="source\Trio.h">
      <Filter>Util</Filter>
    </ClInclude>
    <ClInclude Include="source\HeurNuno\AlunoHeur.h">
      <Filter>HeuristicaNuno\Estruturas</Filter>
    </ClInclude>
    <ClInclude Include="source\HeurNuno\AulaHeur.h">
      <Filter>HeuristicaNuno\Estruturas</Filter>
    </ClInclude>
    <ClInclude Include="source\ConjUnidades.h">
      <Filter>HeuristicaNuno\Estruturas</Filter>
    </ClInclude>
    <ClInclude Include="source\HeurNuno\DadosHeuristica.h">
      <Filter>HeuristicaNuno\Estruturas</Filter>
    </ClInclude>
    <ClInclude Include="source\HeurNuno\EntidadeAlocavel.h">
      <Filter>HeuristicaNuno\Estruturas</Filter>
    </ClInclude>
    <ClInclude Include="source\HeurNuno\MIPAlocarProfCons.h">
      <Filter>HeuristicaNuno\Estruturas</Filter>
    </ClInclude>
    <ClInclude Include="source\HeurNuno\MIPAlocarProfVar.h">
      <Filter>HeuristicaNuno\Estruturas</Filter>
    </ClInclude>
    <ClInclude Include="source\HeurNuno\ObjectiveFunctionHeur.h">
      <Filter>HeuristicaNuno\Estruturas</Filter>
    </ClInclude>
    <ClInclude Include="source\HeurNuno\OfertaDisciplina.h">
      <Filter>HeuristicaNuno\Estruturas</Filter>
    </ClInclude>
    <ClInclude Include="source\HeurNuno\ProfessorHeur.h">
      <Filter>HeuristicaNuno\Estruturas</Filter>
    </ClInclude>
    <ClInclude Include="source\HeurNuno\SalaHeur.h">
      <Filter>HeuristicaNuno\Estruturas</Filter>
    </ClInclude>
    <ClInclude Include="source\HeurNuno\SolucaoHeur.h">
      <Filter>HeuristicaNuno\Estruturas</Filter>
    </ClInclude>
    <ClInclude Include="source\HeurNuno\StatsSolucaoHeur.h">
      <Filter>HeuristicaNuno\Estruturas</Filter>
    </ClInclude>
    <ClInclude Include="source\HeurNuno\TurmaHeur.h">
      <Filter>HeuristicaNuno\Estruturas</Filter>
    </ClInclude>
    <ClInclude Include="source\HeurNuno\TurmaPotencial.h">
      <Filter>HeuristicaNuno\Estruturas</Filter>
    </ClInclude>
    <ClInclude Include="source\HeurNuno\AbridorTurmas.h">
      <Filter>HeuristicaNuno\Melhoradores da solução</Filter>
    </ClInclude>
    <ClInclude Include="source\HeurNuno\ImproveMethods.h">
      <Filter>HeuristicaNuno\Melhoradores da solução</Filter>
    </ClInclude>
    <ClInclude Include="source\HeurNuno\MIPAloc.h">
      <Filter>HeuristicaNuno\Melhoradores da solução</Filter>
    </ClInclude>
    <ClInclude Include="source\HeurNuno\MIPAlocarAlunos.h">
      <Filter>HeuristicaNuno\Melhoradores da solução</Filter>
    </ClInclude>
    <ClInclude Include="source\HeurNuno\MIPAlocarProfs.h">
      <Filter>HeuristicaNuno\Melhoradores da solução</Filter>
    </ClInclude>
    <ClInclude Include="source\HeurNuno\RecursivePreProc.h">
      <Filter>HeuristicaNuno\Melhoradores da solução</Filter>
    </ClInclude>
    <ClInclude Include="source\HeurNuno\TurmasIncHorarioDia.h">
      <Filter>HeuristicaNuno\Melhoradores da solução</Filter>
    </ClInclude>
    <ClInclude Include="source\HeurNuno\ClusterUnidades.h">
      <Filter>HeuristicaNuno\Útil</Filter>
    </ClInclude>
    <ClInclude Include="source\HeurNuno\GeradorCombsDiv.h">
      <Filter>HeuristicaNuno\Útil</Filter>
    </ClInclude>
    <ClInclude Include="source\HeurNuno\UtilHeur.h">
      <Filter>HeuristicaNuno\Útil</Filter>
    </ClInclude>
    <ClInclude Include="source\RestricaoViolada.h">
      <Filter>Output</Filter>
    </ClInclude>
    <ClInclude Include="source\ProfessorVirtualOutput.h">
      <Filter>Output</Filter>
    </ClInclude>
    <ClInclude Include="source\ProblemSolution.h">
      <Filter>Output</Filter>
    </ClInclude>
    <ClInclude Include="source\CreditoDisponivel.h">
      <Filter>Domínio</Filter>
    </ClInclude>
    <ClInclude Include="source\NaoAtendimento.h">
      <Filter>Output</Filter>
    </ClInclude>
    <ClInclude Include="source\Solver.h">
      <Filter>Puro MIP</Filter>
    </ClInclude>
    <ClInclude Include="source\MainMIPPuro.h">
      <Filter>Puro MIP</Filter>
    </ClInclude>
    <ClInclude Include="source\MainHeuristicaIES.h">
      <Filter>HeuristicaNuno</Filter>
    </ClInclude>
    <ClInclude Include="source\HeurNuno\Node.h">
      <Filter>HeuristicaNuno</Filter>
    </ClInclude>
    <ClInclude Include="source\Polish.h">
      <Filter>Puro MIP</Filter>
    </ClInclude>
    <ClInclude Include="source\HeurNuno\MIPAlocarAlunoVar.h">
      <Filter>HeuristicaNuno\Estruturas</Filter>
    </ClInclude>
    <ClInclude Include="source\MIPCallback.h">
      <Filter>Puro MIP</Filter>
    </ClInclude>
    <ClInclude Include="source\MIPUnicoParametros.h">
      <Filter>Puro MIP\MIP-Unico</Filter>
    </ClInclude>
    <ClInclude Include="source\Aula.h">
      <Filter>Domínio</Filter>
    </ClInclude>
    <ClInclude Include="source\CentroDados.h">
      <Filter>Geral</Filter>
    </ClInclude>
    <ClInclude Include="source\cmdLine.h">
      <Filter>Geral</Filter>
    </ClInclude>
    <ClInclude Include="source\Indicadores.h">
      <Filter>Geral</Filter>
    </ClInclude>
    <ClInclude Include="source\ProblemData.h">
      <Filter>Geral</Filter>
    </ClInclude>
    <ClInclude Include="source\ProblemDataLoader.h">
      <Filter>Geral</Filter>
    </ClInclude>
    <ClInclude Include="source\TRIEDA-InputXSD.h">
      <Filter>Geral</Filter>
    </ClInclude>
    <ClInclude Include="source\TRIEDA-OutputXSD.h">
      <Filter>Geral</Filter>
    </ClInclude>
    <ClInclude Include="source\ProbDataAnalyzer.h">
      <Filter>Geral</Filter>
    </ClInclude>
    <ClInclude Include="source\GoalStatus.h">
      <Filter>Puro MIP</Filter>
    </ClInclude>
    <ClInclude Include="source\Utilidade.h">
      <Filter>Util</Filter>
    </ClInclude>
    <ClInclude Include="source\SolutionMIPUnico.h">
      <Filter>Puro MIP\MIP-Unico</Filter>
    </ClInclude>
  </ItemGroup>
  <ItemGroup>
    <Filter Include="HeuristicaNuno">
      <UniqueIdentifier>{80c95249-943e-4227-8bd7-5ebcc176e537}</UniqueIdentifier>
    </Filter>
    <Filter Include="Domínio">
      <UniqueIdentifier>{38cebab3-f63e-4717-82ed-0f1fc24df6e2}</UniqueIdentifier>
    </Filter>
    <Filter Include="Output">
      <UniqueIdentifier>{105c3809-4725-4d54-b788-666535432136}</UniqueIdentifier>
    </Filter>
    <Filter Include="Util">
      <UniqueIdentifier>{da91fb5c-ddcc-4478-b6ee-4f2b7bc535a3}</UniqueIdentifier>
    </Filter>
    <Filter Include="HeuristicaNuno\Estruturas">
      <UniqueIdentifier>{6a2ed078-0862-4db3-a751-39e05c658ed9}</UniqueIdentifier>
    </Filter>
    <Filter Include="HeuristicaNuno\Melhoradores da solução">
      <UniqueIdentifier>{4b6b6f1a-9ec3-45e7-8040-5739e0c4b822}</UniqueIdentifier>
    </Filter>
    <Filter Include="HeuristicaNuno\Útil">
      <UniqueIdentifier>{f8e85dd4-9404-4d37-b228-99422a6016f8}</UniqueIdentifier>
    </Filter>
    <Filter Include="Puro MIP">
      <UniqueIdentifier>{6e57dddc-c394-4ad0-8723-de02b9663ad2}</UniqueIdentifier>
    </Filter>
    <Filter Include="Puro MIP\MIP-Unico">
      <UniqueIdentifier>{b5560ea1-acd3-4923-867e-d0c347e8f7ea}</UniqueIdentifier>
    </Filter>
    <Filter Include="Geral">
      <UniqueIdentifier>{44e31dec-762d-452d-a516-41038dc435a2}</UniqueIdentifier>
    </Filter>
  </ItemGroup>
</Project>